PODS:
  - Blueprints (0.10.1)
  - Differific (0.6.0)
  - Family (0.14.5)

DEPENDENCIES:
  - Blueprints
  - Differific
  - Family

SPEC REPOS:
  https://github.com/cocoapods/specs.git:
    - Blueprints
    - Differific
    - Family

SPEC CHECKSUMS:
  Blueprints: a4279e672ff11cf837240602b330299c2dc0cf40
  Differific: 75e6ccd6ee8ceef708a22600220202609d84d8e1
  Family: 1629bd6167574220fc031c10a0a273f306d46b7f

PODFILE CHECKSUM: ebedcde7b481251b46b737f8c9c8f281e62c2e22

COCOAPODS: 1.6.0
