// !$*UTF8*$!
{
	archiveVersion = 1;
	classes = {
	};
	objectVersion = 50;
	objects = {

/* Begin PBXBuildFile section */
		315E2FCDA36B3A59799011D2 /* libPods-Syncalicious.a in Frameworks */ = {isa = PBXBuildFile; fileRef = 9E8791082ED91FA1B97EC440 /* libPods-Syncalicious.a */; };
		A47DC085643951080DBAE4EF /* libPods-Tests.a in Frameworks */ = {isa = PBXBuildFile; fileRef = F2371A240BEC8532FF8BBC27 /* libPods-Tests.a */; };
		BD084B742258DA7800E91A7F /* SyncControllerTests.swift in Sources */ = {isa = PBXBuildFile; fileRef = BD084B732258DA7800E91A7F /* SyncControllerTests.swift */; };
		BD084B772258E07C00E91A7F /* TestApplicationDelegate.swift in Sources */ = {isa = PBXBuildFile; fileRef = BD084B762258E07C00E91A7F /* TestApplicationDelegate.swift */; };
		BD084B792258E0B600E91A7F /* TestHost.swift in Sources */ = {isa = PBXBuildFile; fileRef = BD084B782258E0B600E91A7F /* TestHost.swift */; };
		BD3CC24E225B1463006D7877 /* WindowController.swift in Sources */ = {isa = PBXBuildFile; fileRef = BD3CC24D225B1463006D7877 /* WindowController.swift */; };
		BD3CC250225B147F006D7877 /* SplitViewController.swift in Sources */ = {isa = PBXBuildFile; fileRef = BD3CC24F225B147F006D7877 /* SplitViewController.swift */; };
		BD4A692F2253BA6400F588AD /* Machine.swift in Sources */ = {isa = PBXBuildFile; fileRef = BD4A692E2253BA6400F588AD /* Machine.swift */; };
		BD4A69312253BADE00F588AD /* MachineController.swift in Sources */ = {isa = PBXBuildFile; fileRef = BD4A69302253BADE00F588AD /* MachineController.swift */; };
		BD4A693A2253DCF300F588AD /* MainWindow.swift in Sources */ = {isa = PBXBuildFile; fileRef = BD4A69392253DCF100F588AD /* MainWindow.swift */; };
		BD4A6941225406A300F588AD /* ViewController.swift in Sources */ = {isa = PBXBuildFile; fileRef = BD4A6940225406A300F588AD /* ViewController.swift */; };
		BD62D2E22262362C007B047B /* SyncController.swift in Sources */ = {isa = PBXBuildFile; fileRef = BD62D2E12262362C007B047B /* SyncController.swift */; };
		BD62D2E4226393B4007B047B /* ShellController.swift in Sources */ = {isa = PBXBuildFile; fileRef = BD62D2E3226393B4007B047B /* ShellController.swift */; };
		BD62D2E622639C3A007B047B /* FileManager+Extensions.swift in Sources */ = {isa = PBXBuildFile; fileRef = BD62D2E522639C3A007B047B /* FileManager+Extensions.swift */; };
		BD62D2E82266548E007B047B /* IdleController.swift in Sources */ = {isa = PBXBuildFile; fileRef = BD62D2E72266548E007B047B /* IdleController.swift */; };
		BD62D2EA226727C0007B047B /* ApplicationListContainerViewController.swift in Sources */ = {isa = PBXBuildFile; fileRef = BD62D2E9226727C0007B047B /* ApplicationListContainerViewController.swift */; };
		BD62D2EC22674E0A007B047B /* ApplicationListSearchViewController.swift in Sources */ = {isa = PBXBuildFile; fileRef = BD62D2EB22674E0A007B047B /* ApplicationListSearchViewController.swift */; };
		BD62D2EE2267547B007B047B /* ApplicationListFeatureViewController.swift in Sources */ = {isa = PBXBuildFile; fileRef = BD62D2ED2267547B007B047B /* ApplicationListFeatureViewController.swift */; };
		BD7D960C2252849100C93211 /* ApplicationController.swift in Sources */ = {isa = PBXBuildFile; fileRef = BD7D960B2252849100C93211 /* ApplicationController.swift */; };
		BD7D960E2252888000C93211 /* Application.swift in Sources */ = {isa = PBXBuildFile; fileRef = BD7D960D2252888000C93211 /* Application.swift */; };
		BD7D961322528ADB00C93211 /* InfoPropertyList.swift in Sources */ = {isa = PBXBuildFile; fileRef = BD7D961222528ADB00C93211 /* InfoPropertyList.swift */; };
		BD7D961522528B8700C93211 /* InfoPropertyListController.swift in Sources */ = {isa = PBXBuildFile; fileRef = BD7D961422528B8700C93211 /* InfoPropertyListController.swift */; };
		BD7D9617225290C800C93211 /* PreferencesController.swift in Sources */ = {isa = PBXBuildFile; fileRef = BD7D9616225290C800C93211 /* PreferencesController.swift */; };
		BD7D96192252912100C93211 /* Preferences.swift in Sources */ = {isa = PBXBuildFile; fileRef = BD7D96182252912100C93211 /* Preferences.swift */; };
		BD7D961C22532B6900C93211 /* BackupController.swift in Sources */ = {isa = PBXBuildFile; fileRef = BD7D961B22532B6900C93211 /* BackupController.swift */; };
		BD7D961F22532BA100C93211 /* UserDefaults+Extensions.swift in Sources */ = {isa = PBXBuildFile; fileRef = BD7D961E22532BA100C93211 /* UserDefaults+Extensions.swift */; };
		BD7D962122533CE100C93211 /* DependencyContainer.swift in Sources */ = {isa = PBXBuildFile; fileRef = BD7D962022533CE100C93211 /* DependencyContainer.swift */; };
		BD7D962322533FF300C93211 /* MainMenuController.swift in Sources */ = {isa = PBXBuildFile; fileRef = BD7D962222533FF300C93211 /* MainMenuController.swift */; };
		BD895C01225A67C200DEC9FE /* PrototypeItem.swift in Sources */ = {isa = PBXBuildFile; fileRef = BD895C00225A67C200DEC9FE /* PrototypeItem.swift */; };
		BD895C03225A681D00DEC9FE /* PrototypeView.swift in Sources */ = {isa = PBXBuildFile; fileRef = BD895C02225A681D00DEC9FE /* PrototypeView.swift */; };
		BD895C06225A693C00DEC9FE /* PrototypeItemComponent.swift in Sources */ = {isa = PBXBuildFile; fileRef = BD895C05225A693C00DEC9FE /* PrototypeItemComponent.swift */; };
		BD895C08225A698600DEC9FE /* PrototypeItemComponent.generated.swift in Sources */ = {isa = PBXBuildFile; fileRef = BD895C07225A698600DEC9FE /* PrototypeItemComponent.generated.swift */; };
		BD8EDD722255322A00110E56 /* TestController.swift in Sources */ = {isa = PBXBuildFile; fileRef = BD8EDD712255322A00110E56 /* TestController.swift */; };
		BD8EDD7A22553A5A00110E56 /* CollectionViewItemComponent.swift in Sources */ = {isa = PBXBuildFile; fileRef = BD8EDD7922553A5A00110E56 /* CollectionViewItemComponent.swift */; };
		BD8EDD7E22553ADD00110E56 /* ApplicationListItem.swift in Sources */ = {isa = PBXBuildFile; fileRef = BD8EDD7D22553ADD00110E56 /* ApplicationListItem.swift */; };
		BD8EDD822255CE3400110E56 /* IconController.swift in Sources */ = {isa = PBXBuildFile; fileRef = BD8EDD812255CE3400110E56 /* IconController.swift */; };
		BD8EDD862255CF4800110E56 /* CollectionViewItemComponent.generated.swift in Sources */ = {isa = PBXBuildFile; fileRef = BD8EDD852255CF4800110E56 /* CollectionViewItemComponent.generated.swift */; };
		BD8EDD892255CF7500110E56 /* Component.swift in Sources */ = {isa = PBXBuildFile; fileRef = BD8EDD882255CF7500110E56 /* Component.swift */; };
		BD9313872251703400D116E4 /* AppDelegate.swift in Sources */ = {isa = PBXBuildFile; fileRef = BD9313862251703400D116E4 /* AppDelegate.swift */; };
		BD9313892251703600D116E4 /* Assets.xcassets in Resources */ = {isa = PBXBuildFile; fileRef = BD9313882251703600D116E4 /* Assets.xcassets */; };
		BD93138C2251703700D116E4 /* MainMenu.xib in Resources */ = {isa = PBXBuildFile; fileRef = BD93138A2251703700D116E4 /* MainMenu.xib */; };
		BDB919642259F7020096294D /* BackupControllerTests.swift in Sources */ = {isa = PBXBuildFile; fileRef = BDB919632259F7020096294D /* BackupControllerTests.swift */; };
		BDCBB2AB22551372007C9404 /* ApplicationControllerTests.swift in Sources */ = {isa = PBXBuildFile; fileRef = BDCBB2AA22551372007C9404 /* ApplicationControllerTests.swift */; };
		BDCBB2C022551C5B007C9404 /* Localizable.strings in Resources */ = {isa = PBXBuildFile; fileRef = BDCBB2C222551C5B007C9404 /* Localizable.strings */; };
		BDDAA333225D37BD00D87664 /* LayeredView.swift in Sources */ = {isa = PBXBuildFile; fileRef = BDDAA332225D37BD00D87664 /* LayeredView.swift */; };
		BDDAA335225D37C700D87664 /* DecorationView.swift in Sources */ = {isa = PBXBuildFile; fileRef = BDDAA334225D37C700D87664 /* DecorationView.swift */; };
		BDDAA337225D37D100D87664 /* BackgroundView.swift in Sources */ = {isa = PBXBuildFile; fileRef = BDDAA336225D37D100D87664 /* BackgroundView.swift */; };
		BDDAA339225D37DE00D87664 /* DividerView.swift in Sources */ = {isa = PBXBuildFile; fileRef = BDDAA338225D37DE00D87664 /* DividerView.swift */; };
		BDDAA33B225D383400D87664 /* Label.swift in Sources */ = {isa = PBXBuildFile; fileRef = BDDAA33A225D383400D87664 /* Label.swift */; };
		BDDAA33E225DB56B00D87664 /* WindowFactory.swift in Sources */ = {isa = PBXBuildFile; fileRef = BDDAA33D225DB56B00D87664 /* WindowFactory.swift */; };
		BDDAA340225DB57500D87664 /* ViewControllerFactory.swift in Sources */ = {isa = PBXBuildFile; fileRef = BDDAA33F225DB57500D87664 /* ViewControllerFactory.swift */; };
		BDDAA342225DB79300D87664 /* CollectionViewLayoutFactory.swift in Sources */ = {isa = PBXBuildFile; fileRef = BDDAA341225DB79300D87664 /* CollectionViewLayoutFactory.swift */; };
		BDDAA347225DC89F00D87664 /* ApplicationDetailInfoViewController.swift in Sources */ = {isa = PBXBuildFile; fileRef = BDDAA346225DC89F00D87664 /* ApplicationDetailInfoViewController.swift */; };
		BDDAA34D225E460100D87664 /* SplitViewContainedController.swift in Sources */ = {isa = PBXBuildFile; fileRef = BDDAA34C225E460100D87664 /* SplitViewContainedController.swift */; };
		BDDAA34F225E52DA00D87664 /* ApplicationDetailContainerViewController.swift in Sources */ = {isa = PBXBuildFile; fileRef = BDDAA34E225E52DA00D87664 /* ApplicationDetailContainerViewController.swift */; };
/* End PBXBuildFile section */

/* Begin PBXContainerItemProxy section */
		BDCBB2AD22551372007C9404 /* PBXContainerItemProxy */ = {
			isa = PBXContainerItemProxy;
			containerPortal = BD93137B2251703400D116E4 /* Project object */;
			proxyType = 1;
			remoteGlobalIDString = BD9313822251703400D116E4;
			remoteInfo = Syncalicious;
		};
/* End PBXContainerItemProxy section */

/* Begin PBXFileReference section */
		0D524E3138AC0B59B67FF0DD /* Pods-Syncalicious.debug.xcconfig */ = {isa = PBXFileReference; includeInIndex = 1; lastKnownFileType = text.xcconfig; name = "Pods-Syncalicious.debug.xcconfig"; path = "Target Support Files/Pods-Syncalicious/Pods-Syncalicious.debug.xcconfig"; sourceTree = "<group>"; };
		8D3875EE15B4C6FB1AFB28CF /* Pods-Syncalicious.release.xcconfig */ = {isa = PBXFileReference; includeInIndex = 1; lastKnownFileType = text.xcconfig; name = "Pods-Syncalicious.release.xcconfig"; path = "Target Support Files/Pods-Syncalicious/Pods-Syncalicious.release.xcconfig"; sourceTree = "<group>"; };
		9E8791082ED91FA1B97EC440 /* libPods-Syncalicious.a */ = {isa = PBXFileReference; explicitFileType = archive.ar; includeInIndex = 0; path = "libPods-Syncalicious.a"; sourceTree = BUILT_PRODUCTS_DIR; };
		BD084B732258DA7800E91A7F /* SyncControllerTests.swift */ = {isa = PBXFileReference; lastKnownFileType = sourcecode.swift; path = SyncControllerTests.swift; sourceTree = "<group>"; };
		BD084B762258E07C00E91A7F /* TestApplicationDelegate.swift */ = {isa = PBXFileReference; lastKnownFileType = sourcecode.swift; path = TestApplicationDelegate.swift; sourceTree = "<group>"; };
		BD084B782258E0B600E91A7F /* TestHost.swift */ = {isa = PBXFileReference; lastKnownFileType = sourcecode.swift; path = TestHost.swift; sourceTree = "<group>"; };
		BD084B7A2258F15500E91A7F /* codecov.yml */ = {isa = PBXFileReference; lastKnownFileType = text; path = codecov.yml; sourceTree = "<group>"; };
		BD3CC24D225B1463006D7877 /* WindowController.swift */ = {isa = PBXFileReference; lastKnownFileType = sourcecode.swift; path = WindowController.swift; sourceTree = "<group>"; };
		BD3CC24F225B147F006D7877 /* SplitViewController.swift */ = {isa = PBXFileReference; lastKnownFileType = sourcecode.swift; path = SplitViewController.swift; sourceTree = "<group>"; };
		BD4A692E2253BA6400F588AD /* Machine.swift */ = {isa = PBXFileReference; lastKnownFileType = sourcecode.swift; path = Machine.swift; sourceTree = "<group>"; };
		BD4A69302253BADE00F588AD /* MachineController.swift */ = {isa = PBXFileReference; lastKnownFileType = sourcecode.swift; name = MachineController.swift; path = Sources/Controllers/MachineController.swift; sourceTree = SOURCE_ROOT; };
		BD4A69322253D8F800F588AD /* .travis.yml */ = {isa = PBXFileReference; fileEncoding = 4; lastKnownFileType = text; path = .travis.yml; sourceTree = "<group>"; };
		BD4A69342253D9C900F588AD /* .gitignore */ = {isa = PBXFileReference; fileEncoding = 4; lastKnownFileType = text; path = .gitignore; sourceTree = "<group>"; };
		BD4A69392253DCF100F588AD /* MainWindow.swift */ = {isa = PBXFileReference; fileEncoding = 4; lastKnownFileType = sourcecode.swift; path = MainWindow.swift; sourceTree = "<group>"; };
		BD4A6940225406A300F588AD /* ViewController.swift */ = {isa = PBXFileReference; lastKnownFileType = sourcecode.swift; path = ViewController.swift; sourceTree = "<group>"; };
		BD62D2E12262362C007B047B /* SyncController.swift */ = {isa = PBXFileReference; lastKnownFileType = sourcecode.swift; path = SyncController.swift; sourceTree = "<group>"; };
		BD62D2E3226393B4007B047B /* ShellController.swift */ = {isa = PBXFileReference; lastKnownFileType = sourcecode.swift; path = ShellController.swift; sourceTree = "<group>"; };
		BD62D2E522639C3A007B047B /* FileManager+Extensions.swift */ = {isa = PBXFileReference; lastKnownFileType = sourcecode.swift; path = "FileManager+Extensions.swift"; sourceTree = "<group>"; };
		BD62D2E72266548E007B047B /* IdleController.swift */ = {isa = PBXFileReference; lastKnownFileType = sourcecode.swift; path = IdleController.swift; sourceTree = "<group>"; };
		BD62D2E9226727C0007B047B /* ApplicationListContainerViewController.swift */ = {isa = PBXFileReference; lastKnownFileType = sourcecode.swift; path = ApplicationListContainerViewController.swift; sourceTree = "<group>"; };
		BD62D2EB22674E0A007B047B /* ApplicationListSearchViewController.swift */ = {isa = PBXFileReference; lastKnownFileType = sourcecode.swift; path = ApplicationListSearchViewController.swift; sourceTree = "<group>"; };
		BD62D2ED2267547B007B047B /* ApplicationListFeatureViewController.swift */ = {isa = PBXFileReference; lastKnownFileType = sourcecode.swift; path = ApplicationListFeatureViewController.swift; sourceTree = "<group>"; };
		BD7D960B2252849100C93211 /* ApplicationController.swift */ = {isa = PBXFileReference; lastKnownFileType = sourcecode.swift; path = ApplicationController.swift; sourceTree = "<group>"; };
		BD7D960D2252888000C93211 /* Application.swift */ = {isa = PBXFileReference; lastKnownFileType = sourcecode.swift; path = Application.swift; sourceTree = "<group>"; };
		BD7D961222528ADB00C93211 /* InfoPropertyList.swift */ = {isa = PBXFileReference; lastKnownFileType = sourcecode.swift; path = InfoPropertyList.swift; sourceTree = "<group>"; };
		BD7D961422528B8700C93211 /* InfoPropertyListController.swift */ = {isa = PBXFileReference; lastKnownFileType = sourcecode.swift; path = InfoPropertyListController.swift; sourceTree = "<group>"; };
		BD7D9616225290C800C93211 /* PreferencesController.swift */ = {isa = PBXFileReference; lastKnownFileType = sourcecode.swift; path = PreferencesController.swift; sourceTree = "<group>"; };
		BD7D96182252912100C93211 /* Preferences.swift */ = {isa = PBXFileReference; lastKnownFileType = sourcecode.swift; path = Preferences.swift; sourceTree = "<group>"; };
		BD7D961B22532B6900C93211 /* BackupController.swift */ = {isa = PBXFileReference; lastKnownFileType = sourcecode.swift; path = BackupController.swift; sourceTree = "<group>"; };
		BD7D961E22532BA100C93211 /* UserDefaults+Extensions.swift */ = {isa = PBXFileReference; lastKnownFileType = sourcecode.swift; path = "UserDefaults+Extensions.swift"; sourceTree = "<group>"; };
		BD7D962022533CE100C93211 /* DependencyContainer.swift */ = {isa = PBXFileReference; lastKnownFileType = sourcecode.swift; path = DependencyContainer.swift; sourceTree = "<group>"; };
		BD7D962222533FF300C93211 /* MainMenuController.swift */ = {isa = PBXFileReference; lastKnownFileType = sourcecode.swift; path = MainMenuController.swift; sourceTree = "<group>"; };
		BD895C00225A67C200DEC9FE /* PrototypeItem.swift */ = {isa = PBXFileReference; lastKnownFileType = sourcecode.swift; path = PrototypeItem.swift; sourceTree = "<group>"; };
		BD895C02225A681D00DEC9FE /* PrototypeView.swift */ = {isa = PBXFileReference; lastKnownFileType = sourcecode.swift; path = PrototypeView.swift; sourceTree = "<group>"; };
		BD895C04225A691E00DEC9FE /* PrototypeItemComponent.stencil */ = {isa = PBXFileReference; lastKnownFileType = text; path = PrototypeItemComponent.stencil; sourceTree = "<group>"; };
		BD895C05225A693C00DEC9FE /* PrototypeItemComponent.swift */ = {isa = PBXFileReference; fileEncoding = 4; lastKnownFileType = sourcecode.swift; path = PrototypeItemComponent.swift; sourceTree = "<group>"; };
		BD895C07225A698600DEC9FE /* PrototypeItemComponent.generated.swift */ = {isa = PBXFileReference; fileEncoding = 4; lastKnownFileType = sourcecode.swift; path = PrototypeItemComponent.generated.swift; sourceTree = "<group>"; };
		BD8EDD712255322A00110E56 /* TestController.swift */ = {isa = PBXFileReference; lastKnownFileType = sourcecode.swift; path = TestController.swift; sourceTree = "<group>"; };
		BD8EDD7722553A3F00110E56 /* CollectionViewItemComponent.stencil */ = {isa = PBXFileReference; fileEncoding = 4; lastKnownFileType = text; path = CollectionViewItemComponent.stencil; sourceTree = "<group>"; xcLanguageSpecificationIdentifier = xcode.lang.simpleColoring; };
		BD8EDD7922553A5A00110E56 /* CollectionViewItemComponent.swift */ = {isa = PBXFileReference; fileEncoding = 4; lastKnownFileType = sourcecode.swift; path = CollectionViewItemComponent.swift; sourceTree = "<group>"; };
		BD8EDD7B22553A8200110E56 /* .sourcery.yml */ = {isa = PBXFileReference; fileEncoding = 4; lastKnownFileType = text; path = .sourcery.yml; sourceTree = "<group>"; };
		BD8EDD7D22553ADD00110E56 /* ApplicationListItem.swift */ = {isa = PBXFileReference; lastKnownFileType = sourcecode.swift; path = ApplicationListItem.swift; sourceTree = "<group>"; };
		BD8EDD812255CE3400110E56 /* IconController.swift */ = {isa = PBXFileReference; lastKnownFileType = sourcecode.swift; path = IconController.swift; sourceTree = "<group>"; };
		BD8EDD852255CF4800110E56 /* CollectionViewItemComponent.generated.swift */ = {isa = PBXFileReference; fileEncoding = 4; lastKnownFileType = sourcecode.swift; path = CollectionViewItemComponent.generated.swift; sourceTree = "<group>"; };
		BD8EDD882255CF7500110E56 /* Component.swift */ = {isa = PBXFileReference; lastKnownFileType = sourcecode.swift; path = Component.swift; sourceTree = "<group>"; };
		BD9313832251703400D116E4 /* Syncalicious.app */ = {isa = PBXFileReference; explicitFileType = wrapper.application; includeInIndex = 0; path = Syncalicious.app; sourceTree = BUILT_PRODUCTS_DIR; };
		BD9313862251703400D116E4 /* AppDelegate.swift */ = {isa = PBXFileReference; lastKnownFileType = sourcecode.swift; path = AppDelegate.swift; sourceTree = "<group>"; };
		BD9313882251703600D116E4 /* Assets.xcassets */ = {isa = PBXFileReference; lastKnownFileType = folder.assetcatalog; path = Assets.xcassets; sourceTree = "<group>"; };
		BD93138B2251703700D116E4 /* Base */ = {isa = PBXFileReference; lastKnownFileType = file.xib; name = Base; path = Base.lproj/MainMenu.xib; sourceTree = "<group>"; };
		BD93138D2251703700D116E4 /* Info.plist */ = {isa = PBXFileReference; lastKnownFileType = text.plist.xml; path = Info.plist; sourceTree = "<group>"; };
		BD93138E2251703700D116E4 /* Syncalicious.entitlements */ = {isa = PBXFileReference; lastKnownFileType = text.plist.entitlements; path = Syncalicious.entitlements; sourceTree = "<group>"; };
		BDB919632259F7020096294D /* BackupControllerTests.swift */ = {isa = PBXFileReference; lastKnownFileType = sourcecode.swift; path = BackupControllerTests.swift; sourceTree = "<group>"; };
		BDCBB2A822551372007C9404 /* Tests.xctest */ = {isa = PBXFileReference; explicitFileType = wrapper.cfbundle; includeInIndex = 0; path = Tests.xctest; sourceTree = BUILT_PRODUCTS_DIR; };
		BDCBB2AA22551372007C9404 /* ApplicationControllerTests.swift */ = {isa = PBXFileReference; lastKnownFileType = sourcecode.swift; path = ApplicationControllerTests.swift; sourceTree = "<group>"; };
		BDCBB2AC22551372007C9404 /* Info-Tests.plist */ = {isa = PBXFileReference; lastKnownFileType = text.plist.xml; path = "Info-Tests.plist"; sourceTree = "<group>"; };
		BDCBB2B622551725007C9404 /* .swiftlint.yml */ = {isa = PBXFileReference; fileEncoding = 4; lastKnownFileType = text; path = .swiftlint.yml; sourceTree = "<group>"; };
		BDCBB2C122551C5B007C9404 /* en */ = {isa = PBXFileReference; lastKnownFileType = text.plist.strings; name = en; path = en.lproj/Localizable.strings; sourceTree = "<group>"; };
		BDDAA332225D37BD00D87664 /* LayeredView.swift */ = {isa = PBXFileReference; lastKnownFileType = sourcecode.swift; path = LayeredView.swift; sourceTree = "<group>"; };
		BDDAA334225D37C700D87664 /* DecorationView.swift */ = {isa = PBXFileReference; lastKnownFileType = sourcecode.swift; path = DecorationView.swift; sourceTree = "<group>"; };
		BDDAA336225D37D100D87664 /* BackgroundView.swift */ = {isa = PBXFileReference; lastKnownFileType = sourcecode.swift; path = BackgroundView.swift; sourceTree = "<group>"; };
		BDDAA338225D37DE00D87664 /* DividerView.swift */ = {isa = PBXFileReference; lastKnownFileType = sourcecode.swift; path = DividerView.swift; sourceTree = "<group>"; };
		BDDAA33A225D383400D87664 /* Label.swift */ = {isa = PBXFileReference; lastKnownFileType = sourcecode.swift; path = Label.swift; sourceTree = "<group>"; };
		BDDAA33D225DB56B00D87664 /* WindowFactory.swift */ = {isa = PBXFileReference; lastKnownFileType = sourcecode.swift; path = WindowFactory.swift; sourceTree = "<group>"; };
		BDDAA33F225DB57500D87664 /* ViewControllerFactory.swift */ = {isa = PBXFileReference; lastKnownFileType = sourcecode.swift; path = ViewControllerFactory.swift; sourceTree = "<group>"; };
		BDDAA341225DB79300D87664 /* CollectionViewLayoutFactory.swift */ = {isa = PBXFileReference; lastKnownFileType = sourcecode.swift; path = CollectionViewLayoutFactory.swift; sourceTree = "<group>"; };
		BDDAA346225DC89F00D87664 /* ApplicationDetailInfoViewController.swift */ = {isa = PBXFileReference; lastKnownFileType = sourcecode.swift; path = ApplicationDetailInfoViewController.swift; sourceTree = "<group>"; };
		BDDAA34C225E460100D87664 /* SplitViewContainedController.swift */ = {isa = PBXFileReference; lastKnownFileType = sourcecode.swift; path = SplitViewContainedController.swift; sourceTree = "<group>"; };
		BDDAA34E225E52DA00D87664 /* ApplicationDetailContainerViewController.swift */ = {isa = PBXFileReference; lastKnownFileType = sourcecode.swift; path = ApplicationDetailContainerViewController.swift; sourceTree = "<group>"; };
		D6AB979C990CE4B2663D292E /* Pods-Tests.debug.xcconfig */ = {isa = PBXFileReference; includeInIndex = 1; lastKnownFileType = text.xcconfig; name = "Pods-Tests.debug.xcconfig"; path = "Target Support Files/Pods-Tests/Pods-Tests.debug.xcconfig"; sourceTree = "<group>"; };
		F2371A240BEC8532FF8BBC27 /* libPods-Tests.a */ = {isa = PBXFileReference; explicitFileType = archive.ar; includeInIndex = 0; path = "libPods-Tests.a"; sourceTree = BUILT_PRODUCTS_DIR; };
		F9C19719F2BC6AF42A7CB265 /* Pods-Tests.release.xcconfig */ = {isa = PBXFileReference; includeInIndex = 1; lastKnownFileType = text.xcconfig; name = "Pods-Tests.release.xcconfig"; path = "Target Support Files/Pods-Tests/Pods-Tests.release.xcconfig"; sourceTree = "<group>"; };
/* End PBXFileReference section */

/* Begin PBXFrameworksBuildPhase section */
		BD9313802251703400D116E4 /* Frameworks */ = {
			isa = PBXFrameworksBuildPhase;
			buildActionMask = 2147483647;
			files = (
				315E2FCDA36B3A59799011D2 /* libPods-Syncalicious.a in Frameworks */,
			);
			runOnlyForDeploymentPostprocessing = 0;
		};
		BDCBB2A522551372007C9404 /* Frameworks */ = {
			isa = PBXFrameworksBuildPhase;
			buildActionMask = 2147483647;
			files = (
				A47DC085643951080DBAE4EF /* libPods-Tests.a in Frameworks */,
			);
			runOnlyForDeploymentPostprocessing = 0;
		};
/* End PBXFrameworksBuildPhase section */

/* Begin PBXGroup section */
		3650F35871850161786D5AC3 /* Pods */ = {
			isa = PBXGroup;
			children = (
				0D524E3138AC0B59B67FF0DD /* Pods-Syncalicious.debug.xcconfig */,
				8D3875EE15B4C6FB1AFB28CF /* Pods-Syncalicious.release.xcconfig */,
				D6AB979C990CE4B2663D292E /* Pods-Tests.debug.xcconfig */,
				F9C19719F2BC6AF42A7CB265 /* Pods-Tests.release.xcconfig */,
			);
			path = Pods;
			sourceTree = "<group>";
		};
		7C856D046EFDDAA5C3AD5549 /* Frameworks */ = {
			isa = PBXGroup;
			children = (
				9E8791082ED91FA1B97EC440 /* libPods-Syncalicious.a */,
				F2371A240BEC8532FF8BBC27 /* libPods-Tests.a */,
			);
			name = Frameworks;
			sourceTree = "<group>";
		};
		BD084B752258E06E00E91A7F /* Helpers */ = {
			isa = PBXGroup;
			children = (
				BD084B762258E07C00E91A7F /* TestApplicationDelegate.swift */,
				BD8EDD712255322A00110E56 /* TestController.swift */,
				BD084B782258E0B600E91A7F /* TestHost.swift */,
			);
			path = Helpers;
			sourceTree = "<group>";
		};
		BD4A69382253DCF100F588AD /* Views */ = {
			isa = PBXGroup;
			children = (
				BDDAA336225D37D100D87664 /* BackgroundView.swift */,
				BDDAA338225D37DE00D87664 /* DividerView.swift */,
				BDDAA33A225D383400D87664 /* Label.swift */,
				BDDAA332225D37BD00D87664 /* LayeredView.swift */,
				BD4A69392253DCF100F588AD /* MainWindow.swift */,
				BD895C00225A67C200DEC9FE /* PrototypeItem.swift */,
				BD895C02225A681D00DEC9FE /* PrototypeView.swift */,
			);
			path = Views;
			sourceTree = "<group>";
		};
		BD7D960A225281E600C93211 /* Resources */ = {
			isa = PBXGroup;
			children = (
				BD9313882251703600D116E4 /* Assets.xcassets */,
				BDCBB2AC22551372007C9404 /* Info-Tests.plist */,
				BD93138D2251703700D116E4 /* Info.plist */,
				BD93138A2251703700D116E4 /* MainMenu.xib */,
				BD93138E2251703700D116E4 /* Syncalicious.entitlements */,
				BDCBB2C222551C5B007C9404 /* Localizable.strings */,
			);
			path = Resources;
			sourceTree = "<group>";
		};
		BD7D960F225288B700C93211 /* Application */ = {
			isa = PBXGroup;
			children = (
				BD9313862251703400D116E4 /* AppDelegate.swift */,
				BD7D962022533CE100C93211 /* DependencyContainer.swift */,
				BD7D962222533FF300C93211 /* MainMenuController.swift */,
			);
			path = Application;
			sourceTree = "<group>";
		};
		BD7D9610225288BD00C93211 /* Models */ = {
			isa = PBXGroup;
			children = (
				BD7D960D2252888000C93211 /* Application.swift */,
				BD7D961222528ADB00C93211 /* InfoPropertyList.swift */,
				BD7D96182252912100C93211 /* Preferences.swift */,
				BD4A692E2253BA6400F588AD /* Machine.swift */,
			);
			path = Models;
			sourceTree = "<group>";
		};
		BD7D9611225288C100C93211 /* Controllers */ = {
			isa = PBXGroup;
			children = (
				BD7D960B2252849100C93211 /* ApplicationController.swift */,
				BD62D2E72266548E007B047B /* IdleController.swift */,
				BD7D961422528B8700C93211 /* InfoPropertyListController.swift */,
				BD4A69302253BADE00F588AD /* MachineController.swift */,
				BD7D9616225290C800C93211 /* PreferencesController.swift */,
				BD62D2E3226393B4007B047B /* ShellController.swift */,
				BD3CC24F225B147F006D7877 /* SplitViewController.swift */,
				BD62D2E12262362C007B047B /* SyncController.swift */,
				BD4A6940225406A300F588AD /* ViewController.swift */,
				BD3CC24D225B1463006D7877 /* WindowController.swift */,
			);
			path = Controllers;
			sourceTree = "<group>";
		};
		BD7D961A22532B5900C93211 /* Features */ = {
			isa = PBXGroup;
			children = (
				BDDAA345225DC88F00D87664 /* ApplicationDetail */,
				BDDAA344225DC87300D87664 /* Application List */,
				BDDAA343225DC86200D87664 /* Core */,
			);
			path = Features;
			sourceTree = "<group>";
		};
		BD7D961D22532B8F00C93211 /* Extensions */ = {
			isa = PBXGroup;
			children = (
				BD7D961E22532BA100C93211 /* UserDefaults+Extensions.swift */,
				BD62D2E522639C3A007B047B /* FileManager+Extensions.swift */,
			);
			path = Extensions;
			sourceTree = "<group>";
		};
		BD8EDD73225538D400110E56 /* Sourcery */ = {
			isa = PBXGroup;
			children = (
				BD8EDD75225538E600110E56 /* Templates */,
				BD8EDD74225538DF00110E56 /* Protocols */,
			);
			path = Sourcery;
			sourceTree = "<group>";
		};
		BD8EDD74225538DF00110E56 /* Protocols */ = {
			isa = PBXGroup;
			children = (
				BD8EDD7922553A5A00110E56 /* CollectionViewItemComponent.swift */,
				BD895C05225A693C00DEC9FE /* PrototypeItemComponent.swift */,
			);
			path = Protocols;
			sourceTree = "<group>";
		};
		BD8EDD75225538E600110E56 /* Templates */ = {
			isa = PBXGroup;
			children = (
				BD8EDD7722553A3F00110E56 /* CollectionViewItemComponent.stencil */,
				BD895C04225A691E00DEC9FE /* PrototypeItemComponent.stencil */,
			);
			path = Templates;
			sourceTree = "<group>";
		};
		BD8EDD76225538F400110E56 /* Generated */ = {
			isa = PBXGroup;
			children = (
				BD895C07225A698600DEC9FE /* PrototypeItemComponent.generated.swift */,
				BD8EDD852255CF4800110E56 /* CollectionViewItemComponent.generated.swift */,
			);
			path = Generated;
			sourceTree = "<group>";
		};
		BD8EDD872255CF6A00110E56 /* Protocols */ = {
			isa = PBXGroup;
			children = (
				BD8EDD882255CF7500110E56 /* Component.swift */,
				BDDAA334225D37C700D87664 /* DecorationView.swift */,
				BDDAA34C225E460100D87664 /* SplitViewContainedController.swift */,
			);
			path = Protocols;
			sourceTree = "<group>";
		};
		BD93137A2251703400D116E4 = {
			isa = PBXGroup;
			children = (
				BD084B7A2258F15500E91A7F /* codecov.yml */,
				BD8EDD7B22553A8200110E56 /* .sourcery.yml */,
				BD4A69342253D9C900F588AD /* .gitignore */,
				BDCBB2B622551725007C9404 /* .swiftlint.yml */,
				BD4A69322253D8F800F588AD /* .travis.yml */,
				BD8EDD76225538F400110E56 /* Generated */,
				BD9313842251703400D116E4 /* Products */,
				BD7D960A225281E600C93211 /* Resources */,
				BD9313852251703400D116E4 /* Sources */,
				BDCBB2A922551372007C9404 /* Tests */,
				BD8EDD73225538D400110E56 /* Sourcery */,
				3650F35871850161786D5AC3 /* Pods */,
				7C856D046EFDDAA5C3AD5549 /* Frameworks */,
			);
			sourceTree = "<group>";
		};
		BD9313842251703400D116E4 /* Products */ = {
			isa = PBXGroup;
			children = (
				BD9313832251703400D116E4 /* Syncalicious.app */,
				BDCBB2A822551372007C9404 /* Tests.xctest */,
			);
			name = Products;
			sourceTree = "<group>";
		};
		BD9313852251703400D116E4 /* Sources */ = {
			isa = PBXGroup;
			children = (
				BD7D960F225288B700C93211 /* Application */,
				BD7D9611225288C100C93211 /* Controllers */,
				BD7D961D22532B8F00C93211 /* Extensions */,
				BDDAA33C225DB55A00D87664 /* Factories */,
				BD7D961A22532B5900C93211 /* Features */,
				BD7D9610225288BD00C93211 /* Models */,
				BD8EDD872255CF6A00110E56 /* Protocols */,
				BD4A69382253DCF100F588AD /* Views */,
			);
			path = Sources;
			sourceTree = "<group>";
		};
		BDCBB2A922551372007C9404 /* Tests */ = {
			isa = PBXGroup;
			children = (
				BDCBB2AA22551372007C9404 /* ApplicationControllerTests.swift */,
				BDB919632259F7020096294D /* BackupControllerTests.swift */,
				BD084B752258E06E00E91A7F /* Helpers */,
				BD084B732258DA7800E91A7F /* SyncControllerTests.swift */,
			);
			path = Tests;
			sourceTree = "<group>";
		};
		BDDAA33C225DB55A00D87664 /* Factories */ = {
			isa = PBXGroup;
			children = (
				BDDAA341225DB79300D87664 /* CollectionViewLayoutFactory.swift */,
				BDDAA33F225DB57500D87664 /* ViewControllerFactory.swift */,
				BDDAA33D225DB56B00D87664 /* WindowFactory.swift */,
			);
			path = Factories;
			sourceTree = "<group>";
		};
		BDDAA343225DC86200D87664 /* Core */ = {
			isa = PBXGroup;
			children = (
				BD7D961B22532B6900C93211 /* BackupController.swift */,
				BD8EDD812255CE3400110E56 /* IconController.swift */,
			);
			path = Core;
			sourceTree = "<group>";
		};
		BDDAA344225DC87300D87664 /* Application List */ = {
			isa = PBXGroup;
			children = (
				BD62D2E9226727C0007B047B /* ApplicationListContainerViewController.swift */,
				BD62D2ED2267547B007B047B /* ApplicationListFeatureViewController.swift */,
				BD62D2EB22674E0A007B047B /* ApplicationListSearchViewController.swift */,
				BD8EDD7D22553ADD00110E56 /* ApplicationListItem.swift */,
			);
			path = "Application List";
			sourceTree = "<group>";
		};
		BDDAA345225DC88F00D87664 /* ApplicationDetail */ = {
			isa = PBXGroup;
			children = (
				BDDAA346225DC89F00D87664 /* ApplicationDetailInfoViewController.swift */,
				BDDAA34E225E52DA00D87664 /* ApplicationDetailContainerViewController.swift */,
			);
			path = ApplicationDetail;
			sourceTree = "<group>";
		};
/* End PBXGroup section */

/* Begin PBXNativeTarget section */
		BD9313822251703400D116E4 /* Syncalicious */ = {
			isa = PBXNativeTarget;
			buildConfigurationList = BD9313912251703700D116E4 /* Build configuration list for PBXNativeTarget "Syncalicious" */;
			buildPhases = (
				98646FDFCCE7B4C815986960 /* [CP] Check Pods Manifest.lock */,
				BD93137F2251703400D116E4 /* Sources */,
				BD9313802251703400D116E4 /* Frameworks */,
				BD9313812251703400D116E4 /* Resources */,
				BDCBB2B5225516F1007C9404 /* SwiftLint */,
			);
			buildRules = (
			);
			dependencies = (
			);
			name = Syncalicious;
			productName = Syncalicious;
			productReference = BD9313832251703400D116E4 /* Syncalicious.app */;
			productType = "com.apple.product-type.application";
		};
		BDCBB2A722551372007C9404 /* Tests */ = {
			isa = PBXNativeTarget;
			buildConfigurationList = BDCBB2B122551372007C9404 /* Build configuration list for PBXNativeTarget "Tests" */;
			buildPhases = (
				F1632E0DF195D6AA3BF584DC /* [CP] Check Pods Manifest.lock */,
				BDCBB2A422551372007C9404 /* Sources */,
				BDCBB2A522551372007C9404 /* Frameworks */,
				BDCBB2A622551372007C9404 /* Resources */,
			);
			buildRules = (
			);
			dependencies = (
				BDCBB2AE22551372007C9404 /* PBXTargetDependency */,
			);
			name = Tests;
			productName = Tests;
			productReference = BDCBB2A822551372007C9404 /* Tests.xctest */;
			productType = "com.apple.product-type.bundle.unit-test";
		};
/* End PBXNativeTarget section */

/* Begin PBXProject section */
		BD93137B2251703400D116E4 /* Project object */ = {
			isa = PBXProject;
			attributes = {
				LastSwiftUpdateCheck = 1020;
				LastUpgradeCheck = 1020;
				ORGANIZATIONNAME = zenangst;
				TargetAttributes = {
					BD9313822251703400D116E4 = {
						CreatedOnToolsVersion = 10.2;
						SystemCapabilities = {
							com.apple.Sandbox = {
								enabled = 0;
							};
							com.apple.iCloud = {
								enabled = 0;
							};
						};
					};
					BDCBB2A722551372007C9404 = {
						CreatedOnToolsVersion = 10.2;
						TestTargetID = BD9313822251703400D116E4;
					};
				};
			};
			buildConfigurationList = BD93137E2251703400D116E4 /* Build configuration list for PBXProject "Syncalicious" */;
			compatibilityVersion = "Xcode 9.3";
			developmentRegion = en;
			hasScannedForEncodings = 0;
			knownRegions = (
				en,
				Base,
			);
			mainGroup = BD93137A2251703400D116E4;
			productRefGroup = BD9313842251703400D116E4 /* Products */;
			projectDirPath = "";
			projectRoot = "";
			targets = (
				BD9313822251703400D116E4 /* Syncalicious */,
				BDCBB2A722551372007C9404 /* Tests */,
			);
		};
/* End PBXProject section */

/* Begin PBXResourcesBuildPhase section */
		BD9313812251703400D116E4 /* Resources */ = {
			isa = PBXResourcesBuildPhase;
			buildActionMask = 2147483647;
			files = (
				BD9313892251703600D116E4 /* Assets.xcassets in Resources */,
				BDCBB2C022551C5B007C9404 /* Localizable.strings in Resources */,
				BD93138C2251703700D116E4 /* MainMenu.xib in Resources */,
			);
			runOnlyForDeploymentPostprocessing = 0;
		};
		BDCBB2A622551372007C9404 /* Resources */ = {
			isa = PBXResourcesBuildPhase;
			buildActionMask = 2147483647;
			files = (
			);
			runOnlyForDeploymentPostprocessing = 0;
		};
/* End PBXResourcesBuildPhase section */

/* Begin PBXShellScriptBuildPhase section */
		98646FDFCCE7B4C815986960 /* [CP] Check Pods Manifest.lock */ = {
			isa = PBXShellScriptBuildPhase;
			buildActionMask = 2147483647;
			files = (
			);
			inputFileListPaths = (
			);
			inputPaths = (
				"${PODS_PODFILE_DIR_PATH}/Podfile.lock",
				"${PODS_ROOT}/Manifest.lock",
			);
			name = "[CP] Check Pods Manifest.lock";
			outputFileListPaths = (
			);
			outputPaths = (
				"$(DERIVED_FILE_DIR)/Pods-Syncalicious-checkManifestLockResult.txt",
			);
			runOnlyForDeploymentPostprocessing = 0;
			shellPath = /bin/sh;
			shellScript = "diff \"${PODS_PODFILE_DIR_PATH}/Podfile.lock\" \"${PODS_ROOT}/Manifest.lock\" > /dev/null\nif [ $? != 0 ] ; then\n    # print error to STDERR\n    echo \"error: The sandbox is not in sync with the Podfile.lock. Run 'pod install' or update your CocoaPods installation.\" >&2\n    exit 1\nfi\n# This output is used by Xcode 'outputs' to avoid re-running this script phase.\necho \"SUCCESS\" > \"${SCRIPT_OUTPUT_FILE_0}\"\n";
			showEnvVarsInLog = 0;
		};
		BDCBB2B5225516F1007C9404 /* SwiftLint */ = {
			isa = PBXShellScriptBuildPhase;
			buildActionMask = 2147483647;
			files = (
			);
			inputFileListPaths = (
			);
			inputPaths = (
			);
			name = SwiftLint;
			outputFileListPaths = (
			);
			outputPaths = (
			);
			runOnlyForDeploymentPostprocessing = 0;
			shellPath = /bin/sh;
			shellScript = "if which swiftlint >/dev/null; then\n    swiftlint\nelse\n    echo \"warning: SwiftLint not installed, download from https://github.com/realm/SwiftLint\"\nfi\n";
		};
		F1632E0DF195D6AA3BF584DC /* [CP] Check Pods Manifest.lock */ = {
			isa = PBXShellScriptBuildPhase;
			buildActionMask = 2147483647;
			files = (
			);
			inputFileListPaths = (
			);
			inputPaths = (
				"${PODS_PODFILE_DIR_PATH}/Podfile.lock",
				"${PODS_ROOT}/Manifest.lock",
			);
			name = "[CP] Check Pods Manifest.lock";
			outputFileListPaths = (
			);
			outputPaths = (
				"$(DERIVED_FILE_DIR)/Pods-Tests-checkManifestLockResult.txt",
			);
			runOnlyForDeploymentPostprocessing = 0;
			shellPath = /bin/sh;
			shellScript = "diff \"${PODS_PODFILE_DIR_PATH}/Podfile.lock\" \"${PODS_ROOT}/Manifest.lock\" > /dev/null\nif [ $? != 0 ] ; then\n    # print error to STDERR\n    echo \"error: The sandbox is not in sync with the Podfile.lock. Run 'pod install' or update your CocoaPods installation.\" >&2\n    exit 1\nfi\n# This output is used by Xcode 'outputs' to avoid re-running this script phase.\necho \"SUCCESS\" > \"${SCRIPT_OUTPUT_FILE_0}\"\n";
			showEnvVarsInLog = 0;
		};
/* End PBXShellScriptBuildPhase section */

/* Begin PBXSourcesBuildPhase section */
		BD93137F2251703400D116E4 /* Sources */ = {
			isa = PBXSourcesBuildPhase;
			buildActionMask = 2147483647;
			files = (
				BD62D2EE2267547B007B047B /* ApplicationListFeatureViewController.swift in Sources */,
				BD7D96192252912100C93211 /* Preferences.swift in Sources */,
				BD7D961F22532BA100C93211 /* UserDefaults+Extensions.swift in Sources */,
				BD62D2E82266548E007B047B /* IdleController.swift in Sources */,
				BD7D9617225290C800C93211 /* PreferencesController.swift in Sources */,
				BD7D961522528B8700C93211 /* InfoPropertyListController.swift in Sources */,
				BD62D2EA226727C0007B047B /* ApplicationListContainerViewController.swift in Sources */,
				BD7D961C22532B6900C93211 /* BackupController.swift in Sources */,
				BDDAA333225D37BD00D87664 /* LayeredView.swift in Sources */,
				BD4A692F2253BA6400F588AD /* Machine.swift in Sources */,
				BDDAA340225DB57500D87664 /* ViewControllerFactory.swift in Sources */,
				BD895C03225A681D00DEC9FE /* PrototypeView.swift in Sources */,
				BD895C08225A698600DEC9FE /* PrototypeItemComponent.generated.swift in Sources */,
				BDDAA337225D37D100D87664 /* BackgroundView.swift in Sources */,
				BD4A693A2253DCF300F588AD /* MainWindow.swift in Sources */,
				BD8EDD822255CE3400110E56 /* IconController.swift in Sources */,
				BDDAA34F225E52DA00D87664 /* ApplicationDetailContainerViewController.swift in Sources */,
				BD3CC250225B147F006D7877 /* SplitViewController.swift in Sources */,
				BDDAA33B225D383400D87664 /* Label.swift in Sources */,
				BD4A69312253BADE00F588AD /* MachineController.swift in Sources */,
				BD4A6941225406A300F588AD /* ViewController.swift in Sources */,
				BD8EDD7E22553ADD00110E56 /* ApplicationListItem.swift in Sources */,
				BD62D2E4226393B4007B047B /* ShellController.swift in Sources */,
				BD7D960E2252888000C93211 /* Application.swift in Sources */,
				BDDAA335225D37C700D87664 /* DecorationView.swift in Sources */,
				BD62D2EC22674E0A007B047B /* ApplicationListSearchViewController.swift in Sources */,
				BD7D962122533CE100C93211 /* DependencyContainer.swift in Sources */,
				BDDAA34D225E460100D87664 /* SplitViewContainedController.swift in Sources */,
				BD62D2E22262362C007B047B /* SyncController.swift in Sources */,
				BD3CC24E225B1463006D7877 /* WindowController.swift in Sources */,
				BDDAA339225D37DE00D87664 /* DividerView.swift in Sources */,
				BD62D2E622639C3A007B047B /* FileManager+Extensions.swift in Sources */,
				BD895C01225A67C200DEC9FE /* PrototypeItem.swift in Sources */,
				BD7D960C2252849100C93211 /* ApplicationController.swift in Sources */,
				BDDAA347225DC89F00D87664 /* ApplicationDetailInfoViewController.swift in Sources */,
				BDDAA342225DB79300D87664 /* CollectionViewLayoutFactory.swift in Sources */,
				BD8EDD892255CF7500110E56 /* Component.swift in Sources */,
				BD8EDD7A22553A5A00110E56 /* CollectionViewItemComponent.swift in Sources */,
				BDDAA33E225DB56B00D87664 /* WindowFactory.swift in Sources */,
				BD7D962322533FF300C93211 /* MainMenuController.swift in Sources */,
				BD8EDD862255CF4800110E56 /* CollectionViewItemComponent.generated.swift in Sources */,
				BD7D961322528ADB00C93211 /* InfoPropertyList.swift in Sources */,
				BD9313872251703400D116E4 /* AppDelegate.swift in Sources */,
				BD895C06225A693C00DEC9FE /* PrototypeItemComponent.swift in Sources */,
			);
			runOnlyForDeploymentPostprocessing = 0;
		};
		BDCBB2A422551372007C9404 /* Sources */ = {
			isa = PBXSourcesBuildPhase;
			buildActionMask = 2147483647;
			files = (
				BDCBB2AB22551372007C9404 /* ApplicationControllerTests.swift in Sources */,
				BD084B792258E0B600E91A7F /* TestHost.swift in Sources */,
				BD084B742258DA7800E91A7F /* SyncControllerTests.swift in Sources */,
				BDB919642259F7020096294D /* BackupControllerTests.swift in Sources */,
				BD8EDD722255322A00110E56 /* TestController.swift in Sources */,
				BD084B772258E07C00E91A7F /* TestApplicationDelegate.swift in Sources */,
			);
			runOnlyForDeploymentPostprocessing = 0;
		};
/* End PBXSourcesBuildPhase section */

/* Begin PBXTargetDependency section */
		BDCBB2AE22551372007C9404 /* PBXTargetDependency */ = {
			isa = PBXTargetDependency;
			target = BD9313822251703400D116E4 /* Syncalicious */;
			targetProxy = BDCBB2AD22551372007C9404 /* PBXContainerItemProxy */;
		};
/* End PBXTargetDependency section */

/* Begin PBXVariantGroup section */
		BD93138A2251703700D116E4 /* MainMenu.xib */ = {
			isa = PBXVariantGroup;
			children = (
				BD93138B2251703700D116E4 /* Base */,
			);
			name = MainMenu.xib;
			sourceTree = "<group>";
		};
		BDCBB2C222551C5B007C9404 /* Localizable.strings */ = {
			isa = PBXVariantGroup;
			children = (
				BDCBB2C122551C5B007C9404 /* en */,
			);
			name = Localizable.strings;
			sourceTree = "<group>";
		};
/* End PBXVariantGroup section */

/* Begin XCBuildConfiguration section */
		BD93138F2251703700D116E4 /* Debug */ = {
			isa = XCBuildConfiguration;
			buildSettings = {
				ALWAYS_SEARCH_USER_PATHS = NO;
				CLANG_ANALYZER_NONNULL = YES;
				CLANG_ANALYZER_NUMBER_OBJECT_CONVERSION = YES_AGGRESSIVE;
				CLANG_CXX_LANGUAGE_STANDARD = "gnu++14";
				CLANG_CXX_LIBRARY = "libc++";
				CLANG_ENABLE_MODULES = YES;
				CLANG_ENABLE_OBJC_ARC = YES;
				CLANG_ENABLE_OBJC_WEAK = YES;
				CLANG_WARN_BLOCK_CAPTURE_AUTORELEASING = YES;
				CLANG_WARN_BOOL_CONVERSION = YES;
				CLANG_WARN_COMMA = YES;
				CLANG_WARN_CONSTANT_CONVERSION = YES;
				CLANG_WARN_DEPRECATED_OBJC_IMPLEMENTATIONS = YES;
				CLANG_WARN_DIRECT_OBJC_ISA_USAGE = YES_ERROR;
				CLANG_WARN_DOCUMENTATION_COMMENTS = YES;
				CLANG_WARN_EMPTY_BODY = YES;
				CLANG_WARN_ENUM_CONVERSION = YES;
				CLANG_WARN_INFINITE_RECURSION = YES;
				CLANG_WARN_INT_CONVERSION = YES;
				CLANG_WARN_NON_LITERAL_NULL_CONVERSION = YES;
				CLANG_WARN_OBJC_IMPLICIT_RETAIN_SELF = YES;
				CLANG_WARN_OBJC_LITERAL_CONVERSION = YES;
				CLANG_WARN_OBJC_ROOT_CLASS = YES_ERROR;
				CLANG_WARN_RANGE_LOOP_ANALYSIS = YES;
				CLANG_WARN_STRICT_PROTOTYPES = YES;
				CLANG_WARN_SUSPICIOUS_MOVE = YES;
				CLANG_WARN_UNGUARDED_AVAILABILITY = YES_AGGRESSIVE;
				CLANG_WARN_UNREACHABLE_CODE = YES;
				CLANG_WARN__DUPLICATE_METHOD_MATCH = YES;
				CODE_SIGN_IDENTITY = "Mac Developer";
				COPY_PHASE_STRIP = NO;
				DEBUG_INFORMATION_FORMAT = dwarf;
				ENABLE_STRICT_OBJC_MSGSEND = YES;
				ENABLE_TESTABILITY = YES;
				GCC_C_LANGUAGE_STANDARD = gnu11;
				GCC_DYNAMIC_NO_PIC = NO;
				GCC_NO_COMMON_BLOCKS = YES;
				GCC_OPTIMIZATION_LEVEL = 0;
				GCC_PREPROCESSOR_DEFINITIONS = (
					"DEBUG=1",
					"$(inherited)",
				);
				GCC_WARN_64_TO_32_BIT_CONVERSION = YES;
				GCC_WARN_ABOUT_RETURN_TYPE = YES_ERROR;
				GCC_WARN_UNDECLARED_SELECTOR = YES;
				GCC_WARN_UNINITIALIZED_AUTOS = YES_AGGRESSIVE;
				GCC_WARN_UNUSED_FUNCTION = YES;
				GCC_WARN_UNUSED_VARIABLE = YES;
				MACOSX_DEPLOYMENT_TARGET = 10.14;
				MTL_ENABLE_DEBUG_INFO = INCLUDE_SOURCE;
				MTL_FAST_MATH = YES;
				ONLY_ACTIVE_ARCH = YES;
				SDKROOT = macosx;
				SWIFT_ACTIVE_COMPILATION_CONDITIONS = DEBUG;
				SWIFT_OPTIMIZATION_LEVEL = "-Onone";
			};
			name = Debug;
		};
		BD9313902251703700D116E4 /* Release */ = {
			isa = XCBuildConfiguration;
			buildSettings = {
				ALWAYS_SEARCH_USER_PATHS = NO;
				CLANG_ANALYZER_NONNULL = YES;
				CLANG_ANALYZER_NUMBER_OBJECT_CONVERSION = YES_AGGRESSIVE;
				CLANG_CXX_LANGUAGE_STANDARD = "gnu++14";
				CLANG_CXX_LIBRARY = "libc++";
				CLANG_ENABLE_MODULES = YES;
				CLANG_ENABLE_OBJC_ARC = YES;
				CLANG_ENABLE_OBJC_WEAK = YES;
				CLANG_WARN_BLOCK_CAPTURE_AUTORELEASING = YES;
				CLANG_WARN_BOOL_CONVERSION = YES;
				CLANG_WARN_COMMA = YES;
				CLANG_WARN_CONSTANT_CONVERSION = YES;
				CLANG_WARN_DEPRECATED_OBJC_IMPLEMENTATIONS = YES;
				CLANG_WARN_DIRECT_OBJC_ISA_USAGE = YES_ERROR;
				CLANG_WARN_DOCUMENTATION_COMMENTS = YES;
				CLANG_WARN_EMPTY_BODY = YES;
				CLANG_WARN_ENUM_CONVERSION = YES;
				CLANG_WARN_INFINITE_RECURSION = YES;
				CLANG_WARN_INT_CONVERSION = YES;
				CLANG_WARN_NON_LITERAL_NULL_CONVERSION = YES;
				CLANG_WARN_OBJC_IMPLICIT_RETAIN_SELF = YES;
				CLANG_WARN_OBJC_LITERAL_CONVERSION = YES;
				CLANG_WARN_OBJC_ROOT_CLASS = YES_ERROR;
				CLANG_WARN_RANGE_LOOP_ANALYSIS = YES;
				CLANG_WARN_STRICT_PROTOTYPES = YES;
				CLANG_WARN_SUSPICIOUS_MOVE = YES;
				CLANG_WARN_UNGUARDED_AVAILABILITY = YES_AGGRESSIVE;
				CLANG_WARN_UNREACHABLE_CODE = YES;
				CLANG_WARN__DUPLICATE_METHOD_MATCH = YES;
				CODE_SIGN_IDENTITY = "Mac Developer";
				COPY_PHASE_STRIP = NO;
				DEBUG_INFORMATION_FORMAT = "dwarf-with-dsym";
				ENABLE_NS_ASSERTIONS = NO;
				ENABLE_STRICT_OBJC_MSGSEND = YES;
				GCC_C_LANGUAGE_STANDARD = gnu11;
				GCC_NO_COMMON_BLOCKS = YES;
				GCC_WARN_64_TO_32_BIT_CONVERSION = YES;
				GCC_WARN_ABOUT_RETURN_TYPE = YES_ERROR;
				GCC_WARN_UNDECLARED_SELECTOR = YES;
				GCC_WARN_UNINITIALIZED_AUTOS = YES_AGGRESSIVE;
				GCC_WARN_UNUSED_FUNCTION = YES;
				GCC_WARN_UNUSED_VARIABLE = YES;
				MACOSX_DEPLOYMENT_TARGET = 10.14;
				MTL_ENABLE_DEBUG_INFO = NO;
				MTL_FAST_MATH = YES;
				SDKROOT = macosx;
				SWIFT_COMPILATION_MODE = wholemodule;
				SWIFT_OPTIMIZATION_LEVEL = "-O";
			};
			name = Release;
		};
		BD9313922251703700D116E4 /* Debug */ = {
			isa = XCBuildConfiguration;
			baseConfigurationReference = 0D524E3138AC0B59B67FF0DD /* Pods-Syncalicious.debug.xcconfig */;
			buildSettings = {
				ASSETCATALOG_COMPILER_APPICON_NAME = AppIcon;
				CODE_SIGN_STYLE = Automatic;
				COMBINE_HIDPI_IMAGES = YES;
				DEVELOPMENT_TEAM = E23HUP39A3;
				INFOPLIST_FILE = Resources/Info.plist;
				LD_RUNPATH_SEARCH_PATHS = (
					"$(inherited)",
					"@executable_path/../Frameworks",
				);
				PRODUCT_BUNDLE_IDENTIFIER = com.zenangst.Syncalicious;
				PRODUCT_NAME = "$(TARGET_NAME)";
				SWIFT_VERSION = 5.0;
			};
			name = Debug;
		};
		BD9313932251703700D116E4 /* Release */ = {
			isa = XCBuildConfiguration;
			baseConfigurationReference = 8D3875EE15B4C6FB1AFB28CF /* Pods-Syncalicious.release.xcconfig */;
			buildSettings = {
				ASSETCATALOG_COMPILER_APPICON_NAME = AppIcon;
				CODE_SIGN_STYLE = Automatic;
				COMBINE_HIDPI_IMAGES = YES;
				DEVELOPMENT_TEAM = E23HUP39A3;
				INFOPLIST_FILE = Resources/Info.plist;
				LD_RUNPATH_SEARCH_PATHS = (
					"$(inherited)",
					"@executable_path/../Frameworks",
				);
				PRODUCT_BUNDLE_IDENTIFIER = com.zenangst.Syncalicious;
				PRODUCT_NAME = "$(TARGET_NAME)";
				SWIFT_VERSION = 5.0;
			};
			name = Release;
		};
		BDCBB2AF22551372007C9404 /* Debug */ = {
			isa = XCBuildConfiguration;
			baseConfigurationReference = D6AB979C990CE4B2663D292E /* Pods-Tests.debug.xcconfig */;
			buildSettings = {
				BUNDLE_LOADER = "$(TEST_HOST)";
				CODE_SIGN_IDENTITY = "-";
				CODE_SIGN_STYLE = Automatic;
				COMBINE_HIDPI_IMAGES = YES;
				INFOPLIST_FILE = "Resources/Info-Tests.plist";
				LD_RUNPATH_SEARCH_PATHS = (
					"$(inherited)",
					"@executable_path/../Frameworks",
					"@loader_path/../Frameworks",
				);
				PRODUCT_BUNDLE_IDENTIFIER = com.zenangst.Syncalicious.Tests;
				PRODUCT_NAME = "$(TARGET_NAME)";
				SWIFT_VERSION = 5.0;
				TEST_HOST = "$(BUILT_PRODUCTS_DIR)/Syncalicious.app/Contents/MacOS/Syncalicious";
			};
			name = Debug;
		};
		BDCBB2B022551372007C9404 /* Release */ = {
			isa = XCBuildConfiguration;
			baseConfigurationReference = F9C19719F2BC6AF42A7CB265 /* Pods-Tests.release.xcconfig */;
			buildSettings = {
				BUNDLE_LOADER = "$(TEST_HOST)";
				CODE_SIGN_IDENTITY = "-";
				CODE_SIGN_STYLE = Automatic;
				COMBINE_HIDPI_IMAGES = YES;
				INFOPLIST_FILE = "Resources/Info-Tests.plist";
				LD_RUNPATH_SEARCH_PATHS = (
					"$(inherited)",
					"@executable_path/../Frameworks",
					"@loader_path/../Frameworks",
				);
				PRODUCT_BUNDLE_IDENTIFIER = com.zenangst.Syncalicious.Tests;
				PRODUCT_NAME = "$(TARGET_NAME)";
				SWIFT_VERSION = 5.0;
				TEST_HOST = "$(BUILT_PRODUCTS_DIR)/Syncalicious.app/Contents/MacOS/Syncalicious";
			};
			name = Release;
		};
/* End XCBuildConfiguration section */

/* Begin XCConfigurationList section */
		BD93137E2251703400D116E4 /* Build configuration list for PBXProject "Syncalicious" */ = {
			isa = XCConfigurationList;
			buildConfigurations = (
				BD93138F2251703700D116E4 /* Debug */,
				BD9313902251703700D116E4 /* Release */,
			);
			defaultConfigurationIsVisible = 0;
			defaultConfigurationName = Release;
		};
		BD9313912251703700D116E4 /* Build configuration list for PBXNativeTarget "Syncalicious" */ = {
			isa = XCConfigurationList;
			buildConfigurations = (
				BD9313922251703700D116E4 /* Debug */,
				BD9313932251703700D116E4 /* Release */,
			);
			defaultConfigurationIsVisible = 0;
			defaultConfigurationName = Release;
		};
		BDCBB2B122551372007C9404 /* Build configuration list for PBXNativeTarget "Tests" */ = {
			isa = XCConfigurationList;
			buildConfigurations = (
				BDCBB2AF22551372007C9404 /* Debug */,
				BDCBB2B022551372007C9404 /* Release */,
			);
			defaultConfigurationIsVisible = 0;
			defaultConfigurationName = Release;
		};
/* End XCConfigurationList section */
	};
	rootObject = BD93137B2251703400D116E4 /* Project object */;
}
